// !$*UTF8*$!
{
	archiveVersion = 1;
	classes = {
	};
	objectVersion = 56;
	objects = {

/* Begin PBXBuildFile section */
		EC6E7C362A80BEF400635A46 /* AppDelegate.swift in Sources */ = {isa = PBXBuildFile; fileRef = EC6E7C352A80BEF400635A46 /* AppDelegate.swift */; };
		EC6E7C382A80BEF400635A46 /* SceneDelegate.swift in Sources */ = {isa = PBXBuildFile; fileRef = EC6E7C372A80BEF400635A46 /* SceneDelegate.swift */; };
		EC6E7C3A2A80BEF400635A46 /* ViewController.swift in Sources */ = {isa = PBXBuildFile; fileRef = EC6E7C392A80BEF400635A46 /* ViewController.swift */; };
		EC6E7C3D2A80BEF400635A46 /* Main.storyboard in Resources */ = {isa = PBXBuildFile; fileRef = EC6E7C3B2A80BEF400635A46 /* Main.storyboard */; };
		EC6E7C3F2A80BEF600635A46 /* Assets.xcassets in Resources */ = {isa = PBXBuildFile; fileRef = EC6E7C3E2A80BEF600635A46 /* Assets.xcassets */; };
		EC6E7C422A80BEF600635A46 /* LaunchScreen.storyboard in Resources */ = {isa = PBXBuildFile; fileRef = EC6E7C402A80BEF600635A46 /* LaunchScreen.storyboard */; };
		EC6E7C4D2A80BEF600635A46 /* SwiftEncriptionsTests.swift in Sources */ = {isa = PBXBuildFile; fileRef = EC6E7C4C2A80BEF600635A46 /* SwiftEncriptionsTests.swift */; };
		EC6E7C572A80BEF600635A46 /* SwiftEncriptionsUITests.swift in Sources */ = {isa = PBXBuildFile; fileRef = EC6E7C562A80BEF600635A46 /* SwiftEncriptionsUITests.swift */; };
		EC6E7C592A80BEF600635A46 /* SwiftEncriptionsUITestsLaunchTests.swift in Sources */ = {isa = PBXBuildFile; fileRef = EC6E7C582A80BEF600635A46 /* SwiftEncriptionsUITestsLaunchTests.swift */; };
		EC6E7C662A80BF1900635A46 /* File1.swift in Sources */ = {isa = PBXBuildFile; fileRef = EC6E7C652A80BF1900635A46 /* File1.swift */; };
		EC6E7C682A80BF2500635A46 /* File2.swift in Sources */ = {isa = PBXBuildFile; fileRef = EC6E7C672A80BF2500635A46 /* File2.swift */; };
		EC6E7C6A2A80C2F900635A46 /* HigherOrderFunction.swift in Sources */ = {isa = PBXBuildFile; fileRef = EC6E7C692A80C2F900635A46 /* HigherOrderFunction.swift */; };
/* End PBXBuildFile section */

/* Begin PBXContainerItemProxy section */
		EC6E7C492A80BEF600635A46 /* PBXContainerItemProxy */ = {
			isa = PBXContainerItemProxy;
			containerPortal = EC6E7C2A2A80BEF400635A46 /* Project object */;
			proxyType = 1;
			remoteGlobalIDString = EC6E7C312A80BEF400635A46;
			remoteInfo = SwiftEncriptions;
		};
		EC6E7C532A80BEF600635A46 /* PBXContainerItemProxy */ = {
			isa = PBXContainerItemProxy;
			containerPortal = EC6E7C2A2A80BEF400635A46 /* Project object */;
			proxyType = 1;
			remoteGlobalIDString = EC6E7C312A80BEF400635A46;
			remoteInfo = SwiftEncriptions;
		};
/* End PBXContainerItemProxy section */

/* Begin PBXFileReference section */
		EC6E7C322A80BEF400635A46 /* SwiftEncriptions.app */ = {isa = PBXFileReference; explicitFileType = wrapper.application; includeInIndex = 0; path = SwiftEncriptions.app; sourceTree = BUILT_PRODUCTS_DIR; };
		EC6E7C352A80BEF400635A46 /* AppDelegate.swift */ = {isa = PBXFileReference; lastKnownFileType = sourcecode.swift; path = AppDelegate.swift; sourceTree = "<group>"; };
		EC6E7C372A80BEF400635A46 /* SceneDelegate.swift */ = {isa = PBXFileReference; lastKnownFileType = sourcecode.swift; path = SceneDelegate.swift; sourceTree = "<group>"; };
		EC6E7C392A80BEF400635A46 /* ViewController.swift */ = {isa = PBXFileReference; lastKnownFileType = sourcecode.swift; path = ViewController.swift; sourceTree = "<group>"; };
		EC6E7C3C2A80BEF400635A46 /* Base */ = {isa = PBXFileReference; lastKnownFileType = file.storyboard; name = Base; path = Base.lproj/Main.storyboard; sourceTree = "<group>"; };
		EC6E7C3E2A80BEF600635A46 /* Assets.xcassets */ = {isa = PBXFileReference; lastKnownFileType = folder.assetcatalog; path = Assets.xcassets; sourceTree = "<group>"; };
		EC6E7C412A80BEF600635A46 /* Base */ = {isa = PBXFileReference; lastKnownFileType = file.storyboard; name = Base; path = Base.lproj/LaunchScreen.storyboard; sourceTree = "<group>"; };
		EC6E7C432A80BEF600635A46 /* Info.plist */ = {isa = PBXFileReference; lastKnownFileType = text.plist.xml; path = Info.plist; sourceTree = "<group>"; };
		EC6E7C482A80BEF600635A46 /* SwiftEncriptionsTests.xctest */ = {isa = PBXFileReference; explicitFileType = wrapper.cfbundle; includeInIndex = 0; path = SwiftEncriptionsTests.xctest; sourceTree = BUILT_PRODUCTS_DIR; };
		EC6E7C4C2A80BEF600635A46 /* SwiftEncriptionsTests.swift */ = {isa = PBXFileReference; lastKnownFileType = sourcecode.swift; path = SwiftEncriptionsTests.swift; sourceTree = "<group>"; };
		EC6E7C522A80BEF600635A46 /* SwiftEncriptionsUITests.xctest */ = {isa = PBXFileReference; explicitFileType = wrapper.cfbundle; includeInIndex = 0; path = SwiftEncriptionsUITests.xctest; sourceTree = BUILT_PRODUCTS_DIR; };
		EC6E7C562A80BEF600635A46 /* SwiftEncriptionsUITests.swift */ = {isa = PBXFileReference; lastKnownFileType = sourcecode.swift; path = SwiftEncriptionsUITests.swift; sourceTree = "<group>"; };
		EC6E7C582A80BEF600635A46 /* SwiftEncriptionsUITestsLaunchTests.swift */ = {isa = PBXFileReference; lastKnownFileType = sourcecode.swift; path = SwiftEncriptionsUITestsLaunchTests.swift; sourceTree = "<group>"; };
		EC6E7C652A80BF1900635A46 /* File1.swift */ = {isa = PBXFileReference; lastKnownFileType = sourcecode.swift; path = File1.swift; sourceTree = "<group>"; };
		EC6E7C672A80BF2500635A46 /* File2.swift */ = {isa = PBXFileReference; lastKnownFileType = sourcecode.swift; path = File2.swift; sourceTree = "<group>"; };
		EC6E7C692A80C2F900635A46 /* HigherOrderFunction.swift */ = {isa = PBXFileReference; lastKnownFileType = sourcecode.swift; path = HigherOrderFunction.swift; sourceTree = "<group>"; };
/* End PBXFileReference section */

/* Begin PBXFrameworksBuildPhase section */
		EC6E7C2F2A80BEF400635A46 /* Frameworks */ = {
			isa = PBXFrameworksBuildPhase;
			buildActionMask = 2147483647;
			files = (
			);
			runOnlyForDeploymentPostprocessing = 0;
		};
		EC6E7C452A80BEF600635A46 /* Frameworks */ = {
			isa = PBXFrameworksBuildPhase;
			buildActionMask = 2147483647;
			files = (
			);
			runOnlyForDeploymentPostprocessing = 0;
		};
		EC6E7C4F2A80BEF600635A46 /* Frameworks */ = {
			isa = PBXFrameworksBuildPhase;
			buildActionMask = 2147483647;
			files = (
			);
			runOnlyForDeploymentPostprocessing = 0;
		};
/* End PBXFrameworksBuildPhase section */

/* Begin PBXGroup section */
		EC6E7C292A80BEF400635A46 = {
			isa = PBXGroup;
			children = (
				EC6E7C342A80BEF400635A46 /* SwiftEncriptions */,
				EC6E7C4B2A80BEF600635A46 /* SwiftEncriptionsTests */,
				EC6E7C552A80BEF600635A46 /* SwiftEncriptionsUITests */,
				EC6E7C332A80BEF400635A46 /* Products */,
			);
			sourceTree = "<group>";
		};
		EC6E7C332A80BEF400635A46 /* Products */ = {
			isa = PBXGroup;
			children = (
				EC6E7C322A80BEF400635A46 /* SwiftEncriptions.app */,
				EC6E7C482A80BEF600635A46 /* SwiftEncriptionsTests.xctest */,
				EC6E7C522A80BEF600635A46 /* SwiftEncriptionsUITests.xctest */,
			);
			name = Products;
			sourceTree = "<group>";
		};
		EC6E7C342A80BEF400635A46 /* SwiftEncriptions */ = {
			isa = PBXGroup;
			children = (
				EC6E7C352A80BEF400635A46 /* AppDelegate.swift */,
				EC6E7C372A80BEF400635A46 /* SceneDelegate.swift */,
				EC6E7C392A80BEF400635A46 /* ViewController.swift */,
				EC6E7C3B2A80BEF400635A46 /* Main.storyboard */,
				EC6E7C3E2A80BEF600635A46 /* Assets.xcassets */,
				EC6E7C402A80BEF600635A46 /* LaunchScreen.storyboard */,
				EC6E7C432A80BEF600635A46 /* Info.plist */,
				EC6E7C652A80BF1900635A46 /* File1.swift */,
				EC6E7C672A80BF2500635A46 /* File2.swift */,
				EC6E7C692A80C2F900635A46 /* HigherOrderFunction.swift */,
			);
			path = SwiftEncriptions;
			sourceTree = "<group>";
		};
		EC6E7C4B2A80BEF600635A46 /* SwiftEncriptionsTests */ = {
			isa = PBXGroup;
			children = (
				EC6E7C4C2A80BEF600635A46 /* SwiftEncriptionsTests.swift */,
			);
			path = SwiftEncriptionsTests;
			sourceTree = "<group>";
		};
		EC6E7C552A80BEF600635A46 /* SwiftEncriptionsUITests */ = {
			isa = PBXGroup;
			children = (
				EC6E7C562A80BEF600635A46 /* SwiftEncriptionsUITests.swift */,
				EC6E7C582A80BEF600635A46 /* SwiftEncriptionsUITestsLaunchTests.swift */,
			);
			path = SwiftEncriptionsUITests;
			sourceTree = "<group>";
		};
/* End PBXGroup section */

/* Begin PBXNativeTarget section */
		EC6E7C312A80BEF400635A46 /* SwiftEncriptions */ = {
			isa = PBXNativeTarget;
			buildConfigurationList = EC6E7C5C2A80BEF600635A46 /* Build configuration list for PBXNativeTarget "SwiftEncriptions" */;
			buildPhases = (
				EC6E7C2E2A80BEF400635A46 /* Sources */,
				EC6E7C2F2A80BEF400635A46 /* Frameworks */,
				EC6E7C302A80BEF400635A46 /* Resources */,
			);
			buildRules = (
			);
			dependencies = (
			);
			name = SwiftEncriptions;
			productName = SwiftEncriptions;
			productReference = EC6E7C322A80BEF400635A46 /* SwiftEncriptions.app */;
			productType = "com.apple.product-type.application";
		};
		EC6E7C472A80BEF600635A46 /* SwiftEncriptionsTests */ = {
			isa = PBXNativeTarget;
			buildConfigurationList = EC6E7C5F2A80BEF600635A46 /* Build configuration list for PBXNativeTarget "SwiftEncriptionsTests" */;
			buildPhases = (
				EC6E7C442A80BEF600635A46 /* Sources */,
				EC6E7C452A80BEF600635A46 /* Frameworks */,
				EC6E7C462A80BEF600635A46 /* Resources */,
			);
			buildRules = (
			);
			dependencies = (
				EC6E7C4A2A80BEF600635A46 /* PBXTargetDependency */,
			);
			name = SwiftEncriptionsTests;
			productName = SwiftEncriptionsTests;
			productReference = EC6E7C482A80BEF600635A46 /* SwiftEncriptionsTests.xctest */;
			productType = "com.apple.product-type.bundle.unit-test";
		};
		EC6E7C512A80BEF600635A46 /* SwiftEncriptionsUITests */ = {
			isa = PBXNativeTarget;
			buildConfigurationList = EC6E7C622A80BEF600635A46 /* Build configuration list for PBXNativeTarget "SwiftEncriptionsUITests" */;
			buildPhases = (
				EC6E7C4E2A80BEF600635A46 /* Sources */,
				EC6E7C4F2A80BEF600635A46 /* Frameworks */,
				EC6E7C502A80BEF600635A46 /* Resources */,
			);
			buildRules = (
			);
			dependencies = (
				EC6E7C542A80BEF600635A46 /* PBXTargetDependency */,
			);
			name = SwiftEncriptionsUITests;
			productName = SwiftEncriptionsUITests;
			productReference = EC6E7C522A80BEF600635A46 /* SwiftEncriptionsUITests.xctest */;
			productType = "com.apple.product-type.bundle.ui-testing";
		};
/* End PBXNativeTarget section */

/* Begin PBXProject section */
		EC6E7C2A2A80BEF400635A46 /* Project object */ = {
			isa = PBXProject;
			attributes = {
				BuildIndependentTargetsInParallel = 1;
				LastSwiftUpdateCheck = 1430;
				LastUpgradeCheck = 1430;
				TargetAttributes = {
					EC6E7C312A80BEF400635A46 = {
						CreatedOnToolsVersion = 14.3;
					};
					EC6E7C472A80BEF600635A46 = {
						CreatedOnToolsVersion = 14.3;
						TestTargetID = EC6E7C312A80BEF400635A46;
					};
					EC6E7C512A80BEF600635A46 = {
						CreatedOnToolsVersion = 14.3;
						TestTargetID = EC6E7C312A80BEF400635A46;
					};
				};
			};
			buildConfigurationList = EC6E7C2D2A80BEF400635A46 /* Build configuration list for PBXProject "SwiftEncriptions" */;
			compatibilityVersion = "Xcode 14.0";
			developmentRegion = en;
			hasScannedForEncodings = 0;
			knownRegions = (
				en,
				Base,
			);
			mainGroup = EC6E7C292A80BEF400635A46;
			productRefGroup = EC6E7C332A80BEF400635A46 /* Products */;
			projectDirPath = "";
			projectRoot = "";
			targets = (
				EC6E7C312A80BEF400635A46 /* SwiftEncriptions */,
				EC6E7C472A80BEF600635A46 /* SwiftEncriptionsTests */,
				EC6E7C512A80BEF600635A46 /* SwiftEncriptionsUITests */,
			);
		};
/* End PBXProject section */

/* Begin PBXResourcesBuildPhase section */
		EC6E7C302A80BEF400635A46 /* Resources */ = {
			isa = PBXResourcesBuildPhase;
			buildActionMask = 2147483647;
			files = (
				EC6E7C422A80BEF600635A46 /* LaunchScreen.storyboard in Resources */,
				EC6E7C3F2A80BEF600635A46 /* Assets.xcassets in Resources */,
				EC6E7C3D2A80BEF400635A46 /* Main.storyboard in Resources */,
			);
			runOnlyForDeploymentPostprocessing = 0;
		};
		EC6E7C462A80BEF600635A46 /* Resources */ = {
			isa = PBXResourcesBuildPhase;
			buildActionMask = 2147483647;
			files = (
			);
			runOnlyForDeploymentPostprocessing = 0;
		};
		EC6E7C502A80BEF600635A46 /* Resources */ = {
			isa = PBXResourcesBuildPhase;
			buildActionMask = 2147483647;
			files = (
			);
			runOnlyForDeploymentPostprocessing = 0;
		};
/* End PBXResourcesBuildPhase section */

/* Begin PBXSourcesBuildPhase section */
		EC6E7C2E2A80BEF400635A46 /* Sources */ = {
			isa = PBXSourcesBuildPhase;
			buildActionMask = 2147483647;
			files = (
				EC6E7C3A2A80BEF400635A46 /* ViewController.swift in Sources */,
				EC6E7C6A2A80C2F900635A46 /* HigherOrderFunction.swift in Sources */,
				EC6E7C362A80BEF400635A46 /* AppDelegate.swift in Sources */,
				EC6E7C382A80BEF400635A46 /* SceneDelegate.swift in Sources */,
				EC6E7C662A80BF1900635A46 /* File1.swift in Sources */,
				EC6E7C682A80BF2500635A46 /* File2.swift in Sources */,
			);
			runOnlyForDeploymentPostprocessing = 0;
		};
		EC6E7C442A80BEF600635A46 /* Sources */ = {
			isa = PBXSourcesBuildPhase;
			buildActionMask = 2147483647;
			files = (
				EC6E7C4D2A80BEF600635A46 /* SwiftEncriptionsTests.swift in Sources */,
			);
			runOnlyForDeploymentPostprocessing = 0;
		};
		EC6E7C4E2A80BEF600635A46 /* Sources */ = {
			isa = PBXSourcesBuildPhase;
			buildActionMask = 2147483647;
			files = (
				EC6E7C572A80BEF600635A46 /* SwiftEncriptionsUITests.swift in Sources */,
				EC6E7C592A80BEF600635A46 /* SwiftEncriptionsUITestsLaunchTests.swift in Sources */,
			);
			runOnlyForDeploymentPostprocessing = 0;
		};
/* End PBXSourcesBuildPhase section */

/* Begin PBXTargetDependency section */
		EC6E7C4A2A80BEF600635A46 /* PBXTargetDependency */ = {
			isa = PBXTargetDependency;
			target = EC6E7C312A80BEF400635A46 /* SwiftEncriptions */;
			targetProxy = EC6E7C492A80BEF600635A46 /* PBXContainerItemProxy */;
		};
		EC6E7C542A80BEF600635A46 /* PBXTargetDependency */ = {
			isa = PBXTargetDependency;
			target = EC6E7C312A80BEF400635A46 /* SwiftEncriptions */;
			targetProxy = EC6E7C532A80BEF600635A46 /* PBXContainerItemProxy */;
		};
/* End PBXTargetDependency section */

/* Begin PBXVariantGroup section */
		EC6E7C3B2A80BEF400635A46 /* Main.storyboard */ = {
			isa = PBXVariantGroup;
			children = (
				EC6E7C3C2A80BEF400635A46 /* Base */,
			);
			name = Main.storyboard;
			sourceTree = "<group>";
		};
		EC6E7C402A80BEF600635A46 /* LaunchScreen.storyboard */ = {
			isa = PBXVariantGroup;
			children = (
				EC6E7C412A80BEF600635A46 /* Base */,
			);
			name = LaunchScreen.storyboard;
			sourceTree = "<group>";
		};
/* End PBXVariantGroup section */

/* Begin XCBuildConfiguration section */
		EC6E7C5A2A80BEF600635A46 /* Debug */ = {
			isa = XCBuildConfiguration;
			buildSettings = {
				ALWAYS_SEARCH_USER_PATHS = NO;
				CLANG_ANALYZER_NONNULL = YES;
				CLANG_ANALYZER_NUMBER_OBJECT_CONVERSION = YES_AGGRESSIVE;
				CLANG_CXX_LANGUAGE_STANDARD = "gnu++20";
				CLANG_ENABLE_MODULES = YES;
				CLANG_ENABLE_OBJC_ARC = YES;
				CLANG_ENABLE_OBJC_WEAK = YES;
				CLANG_WARN_BLOCK_CAPTURE_AUTORELEASING = YES;
				CLANG_WARN_BOOL_CONVERSION = YES;
				CLANG_WARN_COMMA = YES;
				CLANG_WARN_CONSTANT_CONVERSION = YES;
				CLANG_WARN_DEPRECATED_OBJC_IMPLEMENTATIONS = YES;
				CLANG_WARN_DIRECT_OBJC_ISA_USAGE = YES_ERROR;
				CLANG_WARN_DOCUMENTATION_COMMENTS = YES;
				CLANG_WARN_EMPTY_BODY = YES;
				CLANG_WARN_ENUM_CONVERSION = YES;
				CLANG_WARN_INFINITE_RECURSION = YES;
				CLANG_WARN_INT_CONVERSION = YES;
				CLANG_WARN_NON_LITERAL_NULL_CONVERSION = YES;
				CLANG_WARN_OBJC_IMPLICIT_RETAIN_SELF = YES;
				CLANG_WARN_OBJC_LITERAL_CONVERSION = YES;
				CLANG_WARN_OBJC_ROOT_CLASS = YES_ERROR;
				CLANG_WARN_QUOTED_INCLUDE_IN_FRAMEWORK_HEADER = YES;
				CLANG_WARN_RANGE_LOOP_ANALYSIS = YES;
				CLANG_WARN_STRICT_PROTOTYPES = YES;
				CLANG_WARN_SUSPICIOUS_MOVE = YES;
				CLANG_WARN_UNGUARDED_AVAILABILITY = YES_AGGRESSIVE;
				CLANG_WARN_UNREACHABLE_CODE = YES;
				CLANG_WARN__DUPLICATE_METHOD_MATCH = YES;
				COPY_PHASE_STRIP = NO;
				DEBUG_INFORMATION_FORMAT = dwarf;
				ENABLE_STRICT_OBJC_MSGSEND = YES;
				ENABLE_TESTABILITY = YES;
				GCC_C_LANGUAGE_STANDARD = gnu11;
				GCC_DYNAMIC_NO_PIC = NO;
				GCC_NO_COMMON_BLOCKS = YES;
				GCC_OPTIMIZATION_LEVEL = 0;
				GCC_PREPROCESSOR_DEFINITIONS = (
					"DEBUG=1",
					"$(inherited)",
				);
				GCC_WARN_64_TO_32_BIT_CONVERSION = YES;
				GCC_WARN_ABOUT_RETURN_TYPE = YES_ERROR;
				GCC_WARN_UNDECLARED_SELECTOR = YES;
				GCC_WARN_UNINITIALIZED_AUTOS = YES_AGGRESSIVE;
				GCC_WARN_UNUSED_FUNCTION = YES;
				GCC_WARN_UNUSED_VARIABLE = YES;
				IPHONEOS_DEPLOYMENT_TARGET = 16.4;
				MTL_ENABLE_DEBUG_INFO = INCLUDE_SOURCE;
				MTL_FAST_MATH = YES;
				ONLY_ACTIVE_ARCH = YES;
				SDKROOT = iphoneos;
				SWIFT_ACTIVE_COMPILATION_CONDITIONS = DEBUG;
				SWIFT_OPTIMIZATION_LEVEL = "-Onone";
			};
			name = Debug;
		};
		EC6E7C5B2A80BEF600635A46 /* Release */ = {
			isa = XCBuildConfiguration;
			buildSettings = {
				ALWAYS_SEARCH_USER_PATHS = NO;
				CLANG_ANALYZER_NONNULL = YES;
				CLANG_ANALYZER_NUMBER_OBJECT_CONVERSION = YES_AGGRESSIVE;
				CLANG_CXX_LANGUAGE_STANDARD = "gnu++20";
				CLANG_ENABLE_MODULES = YES;
				CLANG_ENABLE_OBJC_ARC = YES;
				CLANG_ENABLE_OBJC_WEAK = YES;
				CLANG_WARN_BLOCK_CAPTURE_AUTORELEASING = YES;
				CLANG_WARN_BOOL_CONVERSION = YES;
				CLANG_WARN_COMMA = YES;
				CLANG_WARN_CONSTANT_CONVERSION = YES;
				CLANG_WARN_DEPRECATED_OBJC_IMPLEMENTATIONS = YES;
				CLANG_WARN_DIRECT_OBJC_ISA_USAGE = YES_ERROR;
				CLANG_WARN_DOCUMENTATION_COMMENTS = YES;
				CLANG_WARN_EMPTY_BODY = YES;
				CLANG_WARN_ENUM_CONVERSION = YES;
				CLANG_WARN_INFINITE_RECURSION = YES;
				CLANG_WARN_INT_CONVERSION = YES;
				CLANG_WARN_NON_LITERAL_NULL_CONVERSION = YES;
				CLANG_WARN_OBJC_IMPLICIT_RETAIN_SELF = YES;
				CLANG_WARN_OBJC_LITERAL_CONVERSION = YES;
				CLANG_WARN_OBJC_ROOT_CLASS = YES_ERROR;
				CLANG_WARN_QUOTED_INCLUDE_IN_FRAMEWORK_HEADER = YES;
				CLANG_WARN_RANGE_LOOP_ANALYSIS = YES;
				CLANG_WARN_STRICT_PROTOTYPES = YES;
				CLANG_WARN_SUSPICIOUS_MOVE = YES;
				CLANG_WARN_UNGUARDED_AVAILABILITY = YES_AGGRESSIVE;
				CLANG_WARN_UNREACHABLE_CODE = YES;
				CLANG_WARN__DUPLICATE_METHOD_MATCH = YES;
				COPY_PHASE_STRIP = NO;
				DEBUG_INFORMATION_FORMAT = "dwarf-with-dsym";
				ENABLE_NS_ASSERTIONS = NO;
				ENABLE_STRICT_OBJC_MSGSEND = YES;
				GCC_C_LANGUAGE_STANDARD = gnu11;
				GCC_NO_COMMON_BLOCKS = YES;
				GCC_WARN_64_TO_32_BIT_CONVERSION = YES;
				GCC_WARN_ABOUT_RETURN_TYPE = YES_ERROR;
				GCC_WARN_UNDECLARED_SELECTOR = YES;
				GCC_WARN_UNINITIALIZED_AUTOS = YES_AGGRESSIVE;
				GCC_WARN_UNUSED_FUNCTION = YES;
				GCC_WARN_UNUSED_VARIABLE = YES;
				IPHONEOS_DEPLOYMENT_TARGET = 16.4;
				MTL_ENABLE_DEBUG_INFO = NO;
				MTL_FAST_MATH = YES;
				SDKROOT = iphoneos;
				SWIFT_COMPILATION_MODE = wholemodule;
				SWIFT_OPTIMIZATION_LEVEL = "-O";
				VALIDATE_PRODUCT = YES;
			};
			name = Release;
		};
		EC6E7C5D2A80BEF600635A46 /* Debug */ = {
			isa = XCBuildConfiguration;
			buildSettings = {
				ASSETCATALOG_COMPILER_APPICON_NAME = AppIcon;
				ASSETCATALOG_COMPILER_GLOBAL_ACCENT_COLOR_NAME = AccentColor;
				CODE_SIGN_STYLE = Automatic;
				CURRENT_PROJECT_VERSION = 1;
				GENERATE_INFOPLIST_FILE = YES;
				INFOPLIST_FILE = SwiftEncriptions/Info.plist;
				INFOPLIST_KEY_UIApplicationSupportsIndirectInputEvents = YES;
				INFOPLIST_KEY_UILaunchStoryboardName = LaunchScreen;
				INFOPLIST_KEY_UIMainStoryboardFile = Main;
				INFOPLIST_KEY_UISupportedInterfaceOrientations_iPad = "UIInterfaceOrientationPortrait UIInterfaceOrientationPortraitUpsideDown UIInterfaceOrientationLandscapeLeft UIInterfaceOrientationLandscapeRight";
				INFOPLIST_KEY_UISupportedInterfaceOrientations_iPhone = "UIInterfaceOrientationPortrait UIInterfaceOrientationLandscapeLeft UIInterfaceOrientationLandscapeRight";
				LD_RUNPATH_SEARCH_PATHS = (
					"$(inherited)",
					"@executable_path/Frameworks",
				);
				MARKETING_VERSION = 1.0;
				PRODUCT_BUNDLE_IDENTIFIER = com.Test.SwiftEncriptions;
				PRODUCT_NAME = "$(TARGET_NAME)";
				SWIFT_EMIT_LOC_STRINGS = YES;
				SWIFT_VERSION = 5.0;
				TARGETED_DEVICE_FAMILY = "1,2";
			};
			name = Debug;
		};
		EC6E7C5E2A80BEF600635A46 /* Release */ = {
			isa = XCBuildConfiguration;
			buildSettings = {
				ASSETCATALOG_COMPILER_APPICON_NAME = AppIcon;
				ASSETCATALOG_COMPILER_GLOBAL_ACCENT_COLOR_NAME = AccentColor;
				CODE_SIGN_STYLE = Automatic;
				CURRENT_PROJECT_VERSION = 1;
				GENERATE_INFOPLIST_FILE = YES;
				INFOPLIST_FILE = SwiftEncriptions/Info.plist;
				INFOPLIST_KEY_UIApplicationSupportsIndirectInputEvents = YES;
				INFOPLIST_KEY_UILaunchStoryboardName = LaunchScreen;
				INFOPLIST_KEY_UIMainStoryboardFile = Main;
				INFOPLIST_KEY_UISupportedInterfaceOrientations_iPad = "UIInterfaceOrientationPortrait UIInterfaceOrientationPortraitUpsideDown UIInterfaceOrientationLandscapeLeft UIInterfaceOrientationLandscapeRight";
				INFOPLIST_KEY_UISupportedInterfaceOrientations_iPhone = "UIInterfaceOrientationPortrait UIInterfaceOrientationLandscapeLeft UIInterfaceOrientationLandscapeRight";
				LD_RUNPATH_SEARCH_PATHS = (
					"$(inherited)",
					"@executable_path/Frameworks",
				);
				MARKETING_VERSION = 1.0;
				PRODUCT_BUNDLE_IDENTIFIER = com.Test.SwiftEncriptions;
				PRODUCT_NAME = "$(TARGET_NAME)";
				SWIFT_EMIT_LOC_STRINGS = YES;
				SWIFT_VERSION = 5.0;
				TARGETED_DEVICE_FAMILY = "1,2";
			};
			name = Release;
		};
		EC6E7C602A80BEF600635A46 /* Debug */ = {
			isa = XCBuildConfiguration;
			buildSettings = {
				ALWAYS_EMBED_SWIFT_STANDARD_LIBRARIES = YES;
				BUNDLE_LOADER = "$(TEST_HOST)";
				CODE_SIGN_STYLE = Automatic;
				CURRENT_PROJECT_VERSION = 1;
				GENERATE_INFOPLIST_FILE = YES;
				IPHONEOS_DEPLOYMENT_TARGET = 16.4;
				MARKETING_VERSION = 1.0;
				PRODUCT_BUNDLE_IDENTIFIER = com.Test.SwiftEncriptionsTests;
				PRODUCT_NAME = "$(TARGET_NAME)";
				SWIFT_EMIT_LOC_STRINGS = NO;
				SWIFT_VERSION = 5.0;
				TARGETED_DEVICE_FAMILY = "1,2";
				TEST_HOST = "$(BUILT_PRODUCTS_DIR)/SwiftEncriptions.app/$(BUNDLE_EXECUTABLE_FOLDER_PATH)/SwiftEncriptions";
			};
			name = Debug;
		};
		EC6E7C612A80BEF600635A46 /* Release */ = {
			isa = XCBuildConfiguration;
			buildSettings = {
				ALWAYS_EMBED_SWIFT_STANDARD_LIBRARIES = YES;
				BUNDLE_LOADER = "$(TEST_HOST)";
				CODE_SIGN_STYLE = Automatic;
				CURRENT_PROJECT_VERSION = 1;
				GENERATE_INFOPLIST_FILE = YES;
				IPHONEOS_DEPLOYMENT_TARGET = 16.4;
				MARKETING_VERSION = 1.0;
				PRODUCT_BUNDLE_IDENTIFIER = com.Test.SwiftEncriptionsTests;
				PRODUCT_NAME = "$(TARGET_NAME)";
				SWIFT_EMIT_LOC_STRINGS = NO;
				SWIFT_VERSION = 5.0;
				TARGETED_DEVICE_FAMILY = "1,2";
				TEST_HOST = "$(BUILT_PRODUCTS_DIR)/SwiftEncriptions.app/$(BUNDLE_EXECUTABLE_FOLDER_PATH)/SwiftEncriptions";
			};
			name = Release;
		};
		EC6E7C632A80BEF600635A46 /* Debug */ = {
			isa = XCBuildConfiguration;
			buildSettings = {
				ALWAYS_EMBED_SWIFT_STANDARD_LIBRARIES = YES;
				CODE_SIGN_STYLE = Automatic;
				CURRENT_PROJECT_VERSION = 1;
				GENERATE_INFOPLIST_FILE = YES;
				MARKETING_VERSION = 1.0;
				PRODUCT_BUNDLE_IDENTIFIER = com.Test.SwiftEncriptionsUITests;
				PRODUCT_NAME = "$(TARGET_NAME)";
				SWIFT_EMIT_LOC_STRINGS = NO;
				SWIFT_VERSION = 5.0;
				TARGETED_DEVICE_FAMILY = "1,2";
				TEST_TARGET_NAME = SwiftEncriptions;
			};
			name = Debug;
		};
		EC6E7C642A80BEF600635A46 /* Release */ = {
			isa = XCBuildConfiguration;
			buildSettings = {
				ALWAYS_EMBED_SWIFT_STANDARD_LIBRARIES = YES;
				CODE_SIGN_STYLE = Automatic;
				CURRENT_PROJECT_VERSION = 1;
				GENERATE_INFOPLIST_FILE = YES;
				MARKETING_VERSION = 1.0;
				PRODUCT_BUNDLE_IDENTIFIER = com.Test.SwiftEncriptionsUITests;
				PRODUCT_NAME = "$(TARGET_NAME)";
				SWIFT_EMIT_LOC_STRINGS = NO;
				SWIFT_VERSION = 5.0;
				TARGETED_DEVICE_FAMILY = "1,2";
				TEST_TARGET_NAME = SwiftEncriptions;
			};
			name = Release;
		};
/* End XCBuildConfiguration section */

/* Begin XCConfigurationList section */
		EC6E7C2D2A80BEF400635A46 /* Build configuration list for PBXProject "SwiftEncriptions" */ = {
			isa = XCConfigurationList;
			buildConfigurations = (
				EC6E7C5A2A80BEF600635A46 /* Debug */,
				EC6E7C5B2A80BEF600635A46 /* Release */,
			);
			defaultConfigurationIsVisible = 0;
			defaultConfigurationName = Release;
		};
		EC6E7C5C2A80BEF600635A46 /* Build configuration list for PBXNativeTarget "SwiftEncriptions" */ = {
			isa = XCConfigurationList;
			buildConfigurations = (
				EC6E7C5D2A80BEF600635A46 /* Debug */,
				EC6E7C5E2A80BEF600635A46 /* Release */,
			);
			defaultConfigurationIsVisible = 0;
			defaultConfigurationName = Release;
		};
		EC6E7C5F2A80BEF600635A46 /* Build configuration list for PBXNativeTarget "SwiftEncriptionsTests" */ = {
			isa = XCConfigurationList;
			buildConfigurations = (
				EC6E7C602A80BEF600635A46 /* Debug */,
				EC6E7C612A80BEF600635A46 /* Release */,
			);
			defaultConfigurationIsVisible = 0;
			defaultConfigurationName = Release;
		};
		EC6E7C622A80BEF600635A46 /* Build configuration list for PBXNativeTarget "SwiftEncriptionsUITests" */ = {
			isa = XCConfigurationList;
			buildConfigurations = (
				EC6E7C632A80BEF600635A46 /* Debug */,
				EC6E7C642A80BEF600635A46 /* Release */,
			);
			defaultConfigurationIsVisible = 0;
			defaultConfigurationName = Release;
		};
/* End XCConfigurationList section */
	};
	rootObject = EC6E7C2A2A80BEF400635A46 /* Project object */;
}
